{
  "version": 4,
  "terraform_version": "0.14.5",
  "serial": 192,
  "lineage": "e125c61f-75eb-981d-9876-1bf1fe90821b",
  "outputs": {},
  "resources": [
    {
      "module": "module.us-e2_default_vpc",
      "mode": "data",
      "type": "aws_caller_identity",
      "name": "current",
      "provider": "module.us-e2_default_vpc.provider[\"registry.terraform.io/hashicorp/aws\"].direct_connect_gateway",
      "instances": [
        {
          "schema_version": 0,
          "attributes": {
            "account_id": "155510101027",
            "arn": "arn:aws:sts::155510101027:assumed-role/svc_terraform_apparatus/1612574180062345400",
            "id": "155510101027",
            "user_id": "AROASINI72QRYFZEFIDBR:1612574180062345400"
          },
          "sensitive_attributes": []
        }
      ]
    },
    {
      "module": "module.us-e2_default_vpc",
      "mode": "data",
      "type": "aws_caller_identity",
      "name": "shared",
      "provider": "module.us-e2_default_vpc.provider[\"registry.terraform.io/hashicorp/aws\"]",
      "instances": [
        {
          "schema_version": 0,
          "attributes": {
            "account_id": "223612579215",
            "arn": "arn:aws:sts::223612579215:assumed-role/svc_terraform_apparatus/1612574180218453300",
            "id": "223612579215",
            "user_id": "AROATIECZFWH42VQYUVQR:1612574180218453300"
          },
          "sensitive_attributes": []
        }
      ]
    },
    {
      "module": "module.us-e2_default_vpc",
      "mode": "data",
      "type": "aws_dx_gateway",
      "name": "main",
      "provider": "module.us-e2_default_vpc.provider[\"registry.terraform.io/hashicorp/aws\"]",
      "instances": [
        {
          "schema_version": 0,
          "attributes": {
            "amazon_side_asn": "65053",
            "id": "87c3bc5b-784e-4bae-8583-37e170fd0ecb",
            "name": "iss-dev-dxg",
            "owner_account_id": "223612579215"
          },
          "sensitive_attributes": []
        }
      ]
    },
    {
      "module": "module.us-e2_default_vpc",
      "mode": "data",
      "type": "aws_dx_gateway",
      "name": "shared",
      "provider": "module.us-e2_default_vpc.provider[\"registry.terraform.io/hashicorp/aws\"].direct_connect_gateway",
      "instances": [
        {
          "schema_version": 0,
          "attributes": {
            "amazon_side_asn": "65100",
            "id": "51469228-5ead-45f8-a473-a045e21f5faa",
            "name": "da6-ch3-to-aws",
            "owner_account_id": "155510101027"
          },
          "sensitive_attributes": []
        }
      ]
    },
    {
      "module": "module.us-e2_default_vpc",
      "mode": "data",
      "type": "aws_ec2_transit_gateway",
      "name": "main",
      "provider": "module.us-e2_default_vpc.provider[\"registry.terraform.io/hashicorp/aws\"]",
      "instances": [
        {
          "schema_version": 0,
          "attributes": {
            "amazon_side_asn": 64512,
            "arn": "arn:aws:ec2:us-east-2:223612579215:transit-gateway/tgw-0ad59949b573c20df",
            "association_default_route_table_id": "tgw-rtb-0529dae039ba51b1f",
            "auto_accept_shared_attachments": "enable",
            "default_route_table_association": "enable",
            "default_route_table_propagation": "enable",
            "description": "tgw in iss-dev us-east-2",
            "dns_support": "enable",
            "filter": null,
            "id": "tgw-0ad59949b573c20df",
            "owner_id": "223612579215",
            "propagation_default_route_table_id": "tgw-rtb-0529dae039ba51b1f",
            "tags": {
              "Name": "iss-dev-us-east-2-tgw",
              "contactemail": "cloudinfrastructureservices@PETCO.com",
              "deployed_by": "terraform",
              "environment": "dev",
              "git_repo_url": "https://gitlab.com/petco/aws_terraform/iss-dev",
              "org": "petco",
              "owner": "david.stanford",
              "ptfe_workspace_url": ""
            },
            "vpn_ecmp_support": "enable"
          },
          "sensitive_attributes": []
        }
      ]
    },
    {
      "module": "module.us-e2_default_vpc",
      "mode": "managed",
      "type": "aws_cloudwatch_log_group",
      "name": "vpc_flow_log",
      "provider": "module.us-e2_default_vpc.provider[\"registry.terraform.io/hashicorp/aws\"]",
      "instances": [
        {
          "index_key": 0,
          "schema_version": 0,
          "attributes": {
            "arn": "arn:aws:logs:us-east-2:223612579215:log-group:dev-us-e2_vpc_flow_log",
            "id": "dev-us-e2_vpc_flow_log",
            "kms_key_id": "",
            "name": "dev-us-e2_vpc_flow_log",
            "name_prefix": null,
            "retention_in_days": 14,
            "tags": {
              "deployed_by": "terraform",
              "environment": "dev",
              "git_repo_url": "https://gitlab.com/petco/cloud-infrastructure-services/aws_customers_prod/iss-dev/-/tree/master/environments/dev/us-2",
              "ptfe_workspace_url": "https://terraform.petco.com/app/Infrastructure/workspaces/iss-dev-vpc"
            }
          },
          "sensitive_attributes": [],
          "private": "bnVsbA==",
          "dependencies": [
            "module.us-e2_default_vpc.aws_vpc.main"
          ]
        }
      ]
    },
    {
      "module": "module.us-e2_default_vpc",
      "mode": "managed",
      "type": "aws_default_security_group",
      "name": "main",
      "provider": "module.us-e2_default_vpc.provider[\"registry.terraform.io/hashicorp/aws\"]",
      "instances": [
        {
          "index_key": "vpc1",
          "schema_version": 1,
          "attributes": {
            "arn": "arn:aws:ec2:us-east-2:223612579215:security-group/sg-095a0c2d1d2e7d093",
            "description": "default VPC security group",
            "egress": [],
            "id": "sg-095a0c2d1d2e7d093",
            "ingress": [],
            "name": "default",
            "owner_id": "223612579215",
            "revoke_rules_on_delete": false,
            "tags": {
              "Name": "default",
              "deployed_by": "terraform",
              "environment": "dev",
              "git_repo_url": "https://gitlab.com/petco/cloud-infrastructure-services/aws_customers_prod/iss-dev/-/tree/master/environments/dev/us-2",
              "ptfe_workspace_url": "https://terraform.petco.com/app/Infrastructure/workspaces/iss-dev-vpc"
            },
            "vpc_id": "vpc-0497497bd1b141a30"
          },
          "sensitive_attributes": [],
          "private": "eyJzY2hlbWFfdmVyc2lvbiI6IjEifQ==",
          "dependencies": [
            "module.us-e2_default_vpc.aws_vpc.main"
          ]
        }
      ]
    },
    {
      "module": "module.us-e2_default_vpc",
      "mode": "managed",
      "type": "aws_dx_gateway_association",
      "name": "main",
      "provider": "module.us-e2_default_vpc.provider[\"registry.terraform.io/hashicorp/aws\"].direct_connect_gateway",
      "instances": [
        {
          "schema_version": 1,
          "attributes": {
            "allowed_prefixes": [
              "172.25.0.0/20"
            ],
            "associated_gateway_id": "tgw-0ad59949b573c20df",
            "associated_gateway_owner_account_id": "223612579215",
            "associated_gateway_type": "transitGateway",
            "dx_gateway_association_id": "83b09c00-11ea-4624-b583-012a1132a7cc",
            "dx_gateway_id": "51469228-5ead-45f8-a473-a045e21f5faa",
            "dx_gateway_owner_account_id": "155510101027",
            "id": "ga-51469228-5ead-45f8-a473-a045e21f5faatgw-0ad59949b573c20df",
            "proposal_id": "53caba6f-323c-437c-b8f8-c16da9d9d665",
            "timeouts": null
          },
          "sensitive_attributes": [],
          "private": "eyJlMmJmYjczMC1lY2FhLTExZTYtOGY4OC0zNDM2M2JjN2M0YzAiOnsiY3JlYXRlIjoxODAwMDAwMDAwMDAwLCJkZWxldGUiOjE4MDAwMDAwMDAwMDAsInVwZGF0ZSI6MTgwMDAwMDAwMDAwMH0sInNjaGVtYV92ZXJzaW9uIjoiMSJ9",
          "dependencies": [
            "module.us-e2_default_vpc.aws_dx_gateway_association_proposal.main",
            "module.us-e2_default_vpc.data.aws_caller_identity.current",
            "module.us-e2_default_vpc.data.aws_caller_identity.shared",
            "module.us-e2_default_vpc.data.aws_dx_gateway.shared",
            "module.us-e2_default_vpc.data.aws_ec2_transit_gateway.main"
          ]
        }
      ]
    },
    {
      "module": "module.us-e2_default_vpc",
      "mode": "managed",
      "type": "aws_dx_gateway_association_proposal",
      "name": "main",
      "provider": "module.us-e2_default_vpc.provider[\"registry.terraform.io/hashicorp/aws\"]",
      "instances": [
        {
          "schema_version": 0,
          "attributes": {
            "allowed_prefixes": [
              "172.25.0.0/20"
            ],
            "associated_gateway_id": "tgw-0ad59949b573c20df",
            "associated_gateway_owner_account_id": "223612579215",
            "associated_gateway_type": "transitGateway",
            "dx_gateway_id": "51469228-5ead-45f8-a473-a045e21f5faa",
            "dx_gateway_owner_account_id": "155510101027",
            "id": "53caba6f-323c-437c-b8f8-c16da9d9d665"
          },
          "sensitive_attributes": [],
          "private": "bnVsbA==",
          "dependencies": [
            "module.us-e2_default_vpc.data.aws_caller_identity.current",
            "module.us-e2_default_vpc.data.aws_dx_gateway.shared",
            "module.us-e2_default_vpc.data.aws_ec2_transit_gateway.main"
          ]
        }
      ]
    },
    {
      "module": "module.us-e2_default_vpc",
      "mode": "managed",
      "type": "aws_ec2_transit_gateway_vpc_attachment",
      "name": "main",
      "provider": "module.us-e2_default_vpc.provider[\"registry.terraform.io/hashicorp/aws\"]",
      "instances": [
        {
          "index_key": "vpc1",
          "schema_version": 0,
          "attributes": {
            "appliance_mode_support": "disable",
            "dns_support": "enable",
            "id": "tgw-attach-01caf34a0c57c1ca8",
            "ipv6_support": "disable",
            "subnet_ids": [
              "subnet-05085cb4599680ddc",
              "subnet-0e495bf5192ad75dd"
            ],
            "tags": {
              "Name": "iss-dev_dev-us-e2-vpc1_tgw-attach",
              "deployed_by": "terraform",
              "environment": "dev",
              "git_repo_url": "https://gitlab.com/petco/cloud-infrastructure-services/aws_customers_prod/iss-dev/-/tree/master/environments/dev/us-2",
              "ptfe_workspace_url": "https://terraform.petco.com/app/Infrastructure/workspaces/iss-dev-vpc"
            },
            "transit_gateway_default_route_table_association": true,
            "transit_gateway_default_route_table_propagation": true,
            "transit_gateway_id": "tgw-0ad59949b573c20df",
            "vpc_id": "vpc-0497497bd1b141a30",
            "vpc_owner_id": "223612579215"
          },
          "sensitive_attributes": [],
          "private": "bnVsbA==",
          "dependencies": [
            "module.us-e2_default_vpc.aws_subnet.main",
            "module.us-e2_default_vpc.aws_vpc.main",
            "module.us-e2_default_vpc.data.aws_ec2_transit_gateway.main"
          ]
        }
      ]
    },
    {
      "module": "module.us-e2_default_vpc",
      "mode": "managed",
      "type": "aws_eip",
      "name": "nat_gateway",
      "provider": "module.us-e2_default_vpc.provider[\"registry.terraform.io/hashicorp/aws\"]",
      "instances": [
        {
          "index_key": "dev-us-e2-vpc1_az1-public-subnet",
          "schema_version": 0,
          "attributes": {
            "allocation_id": null,
            "associate_with_private_ip": null,
            "association_id": "",
            "carrier_ip": "",
            "customer_owned_ip": "",
            "customer_owned_ipv4_pool": "",
            "domain": "vpc",
            "id": "eipalloc-0280fb9be395d3fd5",
            "instance": "",
            "network_border_group": "us-east-2",
            "network_interface": "",
            "private_dns": null,
            "private_ip": "",
            "public_dns": "ec2-3-139-140-116.us-east-2.compute.amazonaws.com",
            "public_ip": "3.139.140.116",
            "public_ipv4_pool": "amazon",
            "tags": {
              "Name": "dev-us-e2-vpc1_az1-public-subnet_nat-eipalloc",
              "deployed_by": "terraform",
              "environment": "dev",
              "git_repo_url": "https://gitlab.com/petco/cloud-infrastructure-services/aws_customers_prod/iss-dev/-/tree/master/environments/dev/us-2",
              "ptfe_workspace_url": "https://terraform.petco.com/app/Infrastructure/workspaces/iss-dev-vpc"
            },
            "timeouts": null,
            "vpc": true
          },
          "sensitive_attributes": [],
          "private": "eyJlMmJmYjczMC1lY2FhLTExZTYtOGY4OC0zNDM2M2JjN2M0YzAiOnsiZGVsZXRlIjoxODAwMDAwMDAwMDAsInJlYWQiOjkwMDAwMDAwMDAwMCwidXBkYXRlIjozMDAwMDAwMDAwMDB9fQ==",
          "dependencies": [
            "module.us-e2_default_vpc.aws_subnet.main",
            "module.us-e2_default_vpc.aws_vpc.main"
          ]
        },
        {
          "index_key": "dev-us-e2-vpc1_az2-public-subnet",
          "schema_version": 0,
          "attributes": {
            "allocation_id": null,
            "associate_with_private_ip": null,
            "association_id": "",
            "carrier_ip": "",
            "customer_owned_ip": "",
            "customer_owned_ipv4_pool": "",
            "domain": "vpc",
            "id": "eipalloc-08399a2cac75d6c2c",
            "instance": "",
            "network_border_group": "us-east-2",
            "network_interface": "",
            "private_dns": null,
            "private_ip": "",
            "public_dns": "ec2-3-140-70-102.us-east-2.compute.amazonaws.com",
            "public_ip": "3.140.70.102",
            "public_ipv4_pool": "amazon",
            "tags": {
              "Name": "dev-us-e2-vpc1_az2-public-subnet_nat-eipalloc",
              "deployed_by": "terraform",
              "environment": "dev",
              "git_repo_url": "https://gitlab.com/petco/cloud-infrastructure-services/aws_customers_prod/iss-dev/-/tree/master/environments/dev/us-2",
              "ptfe_workspace_url": "https://terraform.petco.com/app/Infrastructure/workspaces/iss-dev-vpc"
            },
            "timeouts": null,
            "vpc": true
          },
          "sensitive_attributes": [],
          "private": "eyJlMmJmYjczMC1lY2FhLTExZTYtOGY4OC0zNDM2M2JjN2M0YzAiOnsiZGVsZXRlIjoxODAwMDAwMDAwMDAsInJlYWQiOjkwMDAwMDAwMDAwMCwidXBkYXRlIjozMDAwMDAwMDAwMDB9fQ==",
          "dependencies": [
            "module.us-e2_default_vpc.aws_subnet.main",
            "module.us-e2_default_vpc.aws_vpc.main"
          ]
        }
      ]
    },
    {
      "module": "module.us-e2_default_vpc",
      "mode": "managed",
      "type": "aws_flow_log",
      "name": "main",
      "provider": "module.us-e2_default_vpc.provider[\"registry.terraform.io/hashicorp/aws\"]",
      "instances": [
        {
          "index_key": "vpc1",
          "schema_version": 0,
          "attributes": {
            "arn": "arn:aws:ec2:us-east-2:223612579215:vpc-flow-log/fl-01f09cdaf4a609af2",
            "eni_id": null,
            "iam_role_arn": "arn:aws:iam::223612579215:role/vpc_flow_log_role",
            "id": "fl-01f09cdaf4a609af2",
            "log_destination": "arn:aws:logs:us-east-2:223612579215:log-group:dev-us-e2_vpc_flow_log",
            "log_destination_type": "cloud-watch-logs",
            "log_format": "${version} ${account-id} ${interface-id} ${srcaddr} ${dstaddr} ${srcport} ${dstport} ${protocol} ${packets} ${bytes} ${start} ${end} ${action} ${log-status}",
            "log_group_name": "dev-us-e2_vpc_flow_log",
            "max_aggregation_interval": 600,
            "subnet_id": null,
            "tags": null,
            "traffic_type": "ALL",
            "vpc_id": "vpc-0497497bd1b141a30"
          },
          "sensitive_attributes": [],
          "private": "bnVsbA==",
          "dependencies": [
            "module.us-e2_default_vpc.aws_cloudwatch_log_group.vpc_flow_log",
            "module.us-e2_default_vpc.aws_iam_role.vpc_flow_log",
            "module.us-e2_default_vpc.aws_vpc.main"
          ]
        }
      ]
    },
    {
      "module": "module.us-e2_default_vpc",
      "mode": "managed",
      "type": "aws_iam_role",
      "name": "vpc_flow_log",
      "provider": "module.us-e2_default_vpc.provider[\"registry.terraform.io/hashicorp/aws\"]",
      "instances": [
        {
          "schema_version": 0,
          "attributes": {
            "arn": "arn:aws:iam::223612579215:role/vpc_flow_log_role",
            "assume_role_policy": "{\"Version\":\"2012-10-17\",\"Statement\":[{\"Effect\":\"Allow\",\"Principal\":{\"Service\":\"vpc-flow-logs.amazonaws.com\"},\"Action\":\"sts:AssumeRole\"}]}",
            "create_date": "2021-02-06T01:16:56Z",
            "description": "",
            "force_detach_policies": false,
            "id": "vpc_flow_log_role",
            "max_session_duration": 3600,
            "name": "vpc_flow_log_role",
            "name_prefix": null,
            "path": "/",
            "permissions_boundary": null,
            "tags": {
              "deployed_by": "terraform",
              "environment": "dev",
              "git_repo_url": "https://gitlab.com/petco/cloud-infrastructure-services/aws_customers_prod/iss-dev/-/tree/master/environments/dev/us-2",
              "ptfe_workspace_url": "https://terraform.petco.com/app/Infrastructure/workspaces/iss-dev-vpc"
            },
            "unique_id": "AROATIECZFWHX2Z4LMIBS"
          },
          "sensitive_attributes": [],
          "private": "bnVsbA=="
        }
      ]
    },
    {
      "module": "module.us-e2_default_vpc",
      "mode": "managed",
      "type": "aws_iam_role_policy",
      "name": "vpc_flow_log",
      "provider": "module.us-e2_default_vpc.provider[\"registry.terraform.io/hashicorp/aws\"]",
      "instances": [
        {
          "schema_version": 0,
          "attributes": {
            "id": "vpc_flow_log_role:vpc_flow_log_policy",
            "name": "vpc_flow_log_policy",
            "name_prefix": null,
            "policy": "{\n  \"Version\": \"2012-10-17\",\n  \"Statement\": [\n    {\n      \"Action\": [\n        \"logs:CreateLogStream\",\n        \"logs:DescribeLogGroups\",\n        \"logs:DescribeLogStreams\",\n        \"logs:PutLogEvents\"\n      ],\n      \"Resource\": \"*\",\n      \"Effect\": \"Allow\"\n    }\n  ]\n}\n",
            "role": "vpc_flow_log_role"
          },
          "sensitive_attributes": [],
          "private": "bnVsbA==",
          "dependencies": [
            "module.us-e2_default_vpc.aws_iam_role.vpc_flow_log"
          ]
        }
      ]
    },
    {
      "module": "module.us-e2_default_vpc",
      "mode": "managed",
      "type": "aws_internet_gateway",
      "name": "main",
      "provider": "module.us-e2_default_vpc.provider[\"registry.terraform.io/hashicorp/aws\"]",
      "instances": [
        {
          "index_key": "vpc1",
          "schema_version": 0,
          "attributes": {
            "arn": "arn:aws:ec2:us-east-2:223612579215:internet-gateway/igw-058b16dca7f176344",
            "id": "igw-058b16dca7f176344",
            "owner_id": "223612579215",
            "tags": {
              "Name": "dev-us-e2-vpc1_igw",
              "deployed_by": "terraform",
              "environment": "dev",
              "git_repo_url": "https://gitlab.com/petco/cloud-infrastructure-services/aws_customers_prod/iss-dev/-/tree/master/environments/dev/us-2",
              "ptfe_workspace_url": "https://terraform.petco.com/app/Infrastructure/workspaces/iss-dev-vpc"
            },
            "vpc_id": "vpc-0497497bd1b141a30"
          },
          "sensitive_attributes": [],
          "private": "bnVsbA==",
          "dependencies": [
            "module.us-e2_default_vpc.aws_vpc.main"
          ]
        }
      ]
    },
    {
      "module": "module.us-e2_default_vpc",
      "mode": "managed",
      "type": "aws_nat_gateway",
      "name": "main",
      "provider": "module.us-e2_default_vpc.provider[\"registry.terraform.io/hashicorp/aws\"]",
      "instances": [
        {
          "index_key": "dev-us-e2-vpc1_az1-public-subnet",
          "schema_version": 0,
          "attributes": {
            "allocation_id": "eipalloc-0280fb9be395d3fd5",
            "id": "nat-04181ba8a5764967a",
            "network_interface_id": "eni-0bea50fa02e1bb9c5",
            "private_ip": "172.25.0.146",
            "public_ip": "3.139.140.116",
            "subnet_id": "subnet-04ecd9f1eab52f6e9",
            "tags": {
              "Name": "dev-us-e2-vpc1_az1-public-subnet_nat",
              "deployed_by": "terraform",
              "environment": "dev",
              "git_repo_url": "https://gitlab.com/petco/cloud-infrastructure-services/aws_customers_prod/iss-dev/-/tree/master/environments/dev/us-2",
              "ptfe_workspace_url": "https://terraform.petco.com/app/Infrastructure/workspaces/iss-dev-vpc"
            }
          },
          "sensitive_attributes": [],
          "private": "bnVsbA==",
          "dependencies": [
            "module.us-e2_default_vpc.aws_eip.nat_gateway",
            "module.us-e2_default_vpc.aws_subnet.main",
            "module.us-e2_default_vpc.aws_vpc.main"
          ]
        },
        {
          "index_key": "dev-us-e2-vpc1_az2-public-subnet",
          "schema_version": 0,
          "attributes": {
            "allocation_id": "eipalloc-08399a2cac75d6c2c",
            "id": "nat-0e7705d288f3fa1da",
            "network_interface_id": "eni-0a03deda8c8684787",
            "private_ip": "172.25.0.244",
            "public_ip": "3.140.70.102",
            "subnet_id": "subnet-02feb9e90ae10a23a",
            "tags": {
              "Name": "dev-us-e2-vpc1_az2-public-subnet_nat",
              "deployed_by": "terraform",
              "environment": "dev",
              "git_repo_url": "https://gitlab.com/petco/cloud-infrastructure-services/aws_customers_prod/iss-dev/-/tree/master/environments/dev/us-2",
              "ptfe_workspace_url": "https://terraform.petco.com/app/Infrastructure/workspaces/iss-dev-vpc"
            }
          },
          "sensitive_attributes": [],
          "private": "bnVsbA==",
          "dependencies": [
            "module.us-e2_default_vpc.aws_eip.nat_gateway",
            "module.us-e2_default_vpc.aws_subnet.main",
            "module.us-e2_default_vpc.aws_vpc.main"
          ]
        }
      ]
    },
    {
      "module": "module.us-e2_default_vpc",
      "mode": "managed",
      "type": "aws_route",
      "name": "private_default",
      "provider": "module.us-e2_default_vpc.provider[\"registry.terraform.io/hashicorp/aws\"]",
      "instances": [
        {
          "index_key": "dev-us-e2-vpc1_az1-private-subnet",
          "schema_version": 0,
          "attributes": {
            "destination_cidr_block": "0.0.0.0/0",
            "destination_ipv6_cidr_block": "",
            "destination_prefix_list_id": "",
            "egress_only_gateway_id": "",
            "gateway_id": "",
            "id": "r-rtb-00e718068e3079a651080289494",
            "instance_id": "",
            "instance_owner_id": "",
            "local_gateway_id": "",
            "nat_gateway_id": "nat-04181ba8a5764967a",
            "network_interface_id": "",
            "origin": "CreateRoute",
            "route_table_id": "rtb-00e718068e3079a65",
            "state": "active",
            "timeouts": {
              "create": "5m",
              "delete": null
            },
            "transit_gateway_id": "",
            "vpc_endpoint_id": null,
            "vpc_peering_connection_id": ""
          },
          "sensitive_attributes": [],
          "private": "eyJlMmJmYjczMC1lY2FhLTExZTYtOGY4OC0zNDM2M2JjN2M0YzAiOnsiY3JlYXRlIjozMDAwMDAwMDAwMDAsImRlbGV0ZSI6MzAwMDAwMDAwMDAwfX0=",
          "dependencies": [
            "module.us-e2_default_vpc.aws_eip.nat_gateway",
            "module.us-e2_default_vpc.aws_nat_gateway.main",
            "module.us-e2_default_vpc.aws_route_table.private",
            "module.us-e2_default_vpc.aws_subnet.main",
            "module.us-e2_default_vpc.aws_vpc.main"
          ]
        },
        {
          "index_key": "dev-us-e2-vpc1_az2-private-subnet",
          "schema_version": 0,
          "attributes": {
            "destination_cidr_block": "0.0.0.0/0",
            "destination_ipv6_cidr_block": "",
            "destination_prefix_list_id": "",
            "egress_only_gateway_id": "",
            "gateway_id": "",
            "id": "r-rtb-0f4e506d1cf7fd2241080289494",
            "instance_id": "",
            "instance_owner_id": "",
            "local_gateway_id": "",
            "nat_gateway_id": "nat-0e7705d288f3fa1da",
            "network_interface_id": "",
            "origin": "CreateRoute",
            "route_table_id": "rtb-0f4e506d1cf7fd224",
            "state": "active",
            "timeouts": {
              "create": "5m",
              "delete": null
            },
            "transit_gateway_id": "",
            "vpc_endpoint_id": null,
            "vpc_peering_connection_id": ""
          },
          "sensitive_attributes": [],
          "private": "eyJlMmJmYjczMC1lY2FhLTExZTYtOGY4OC0zNDM2M2JjN2M0YzAiOnsiY3JlYXRlIjozMDAwMDAwMDAwMDAsImRlbGV0ZSI6MzAwMDAwMDAwMDAwfX0=",
          "dependencies": [
            "module.us-e2_default_vpc.aws_eip.nat_gateway",
            "module.us-e2_default_vpc.aws_nat_gateway.main",
            "module.us-e2_default_vpc.aws_route_table.private",
            "module.us-e2_default_vpc.aws_subnet.main",
            "module.us-e2_default_vpc.aws_vpc.main"
          ]
        }
      ]
    },
    {
      "module": "module.us-e2_default_vpc",
      "mode": "managed",
      "type": "aws_route",
      "name": "private_transit_gateway",
      "provider": "module.us-e2_default_vpc.provider[\"registry.terraform.io/hashicorp/aws\"]",
      "instances": [
        {
          "index_key": "dev-us-e2-vpc1_az1-private-subnet-172.16.0.0/12",
          "schema_version": 0,
          "attributes": {
            "destination_cidr_block": "172.16.0.0/12",
            "destination_ipv6_cidr_block": "",
            "destination_prefix_list_id": "",
            "egress_only_gateway_id": "",
            "gateway_id": "",
            "id": "r-rtb-00e718068e3079a653337197873",
            "instance_id": "",
            "instance_owner_id": "",
            "local_gateway_id": "",
            "nat_gateway_id": "",
            "network_interface_id": "",
            "origin": "CreateRoute",
            "route_table_id": "rtb-00e718068e3079a65",
            "state": "blackhole",
            "timeouts": {
              "create": "5m",
              "delete": null
            },
            "transit_gateway_id": "tgw-0ad59949b573c20df",
            "vpc_endpoint_id": null,
            "vpc_peering_connection_id": ""
          },
          "sensitive_attributes": [],
          "private": "eyJlMmJmYjczMC1lY2FhLTExZTYtOGY4OC0zNDM2M2JjN2M0YzAiOnsiY3JlYXRlIjozMDAwMDAwMDAwMDAsImRlbGV0ZSI6MzAwMDAwMDAwMDAwfX0=",
          "dependencies": [
            "module.us-e2_default_vpc.aws_route_table.private",
            "module.us-e2_default_vpc.aws_subnet.main",
            "module.us-e2_default_vpc.aws_vpc.main",
            "module.us-e2_default_vpc.data.aws_ec2_transit_gateway.main"
          ]
        },
        {
          "index_key": "dev-us-e2-vpc1_az2-private-subnet-172.16.0.0/12",
          "schema_version": 0,
          "attributes": {
            "destination_cidr_block": "172.16.0.0/12",
            "destination_ipv6_cidr_block": "",
            "destination_prefix_list_id": "",
            "egress_only_gateway_id": "",
            "gateway_id": "",
            "id": "r-rtb-0f4e506d1cf7fd2243337197873",
            "instance_id": "",
            "instance_owner_id": "",
            "local_gateway_id": "",
            "nat_gateway_id": "",
            "network_interface_id": "",
            "origin": "CreateRoute",
            "route_table_id": "rtb-0f4e506d1cf7fd224",
            "state": "blackhole",
            "timeouts": {
              "create": "5m",
              "delete": null
            },
            "transit_gateway_id": "tgw-0ad59949b573c20df",
            "vpc_endpoint_id": null,
            "vpc_peering_connection_id": ""
          },
          "sensitive_attributes": [],
          "private": "eyJlMmJmYjczMC1lY2FhLTExZTYtOGY4OC0zNDM2M2JjN2M0YzAiOnsiY3JlYXRlIjozMDAwMDAwMDAwMDAsImRlbGV0ZSI6MzAwMDAwMDAwMDAwfX0=",
          "dependencies": [
            "module.us-e2_default_vpc.aws_route_table.private",
            "module.us-e2_default_vpc.aws_subnet.main",
            "module.us-e2_default_vpc.aws_vpc.main",
            "module.us-e2_default_vpc.data.aws_ec2_transit_gateway.main"
          ]
        }
      ]
    },
    {
      "module": "module.us-e2_default_vpc",
      "mode": "managed",
      "type": "aws_route",
      "name": "public_default",
      "provider": "module.us-e2_default_vpc.provider[\"registry.terraform.io/hashicorp/aws\"]",
      "instances": [
        {
          "index_key": "dev-us-e2-vpc1_az1-public-subnet",
          "schema_version": 0,
          "attributes": {
            "destination_cidr_block": "0.0.0.0/0",
            "destination_ipv6_cidr_block": "",
            "destination_prefix_list_id": "",
            "egress_only_gateway_id": "",
            "gateway_id": "igw-058b16dca7f176344",
            "id": "r-rtb-04920c9cedaf17dfb1080289494",
            "instance_id": "",
            "instance_owner_id": "",
            "local_gateway_id": "",
            "nat_gateway_id": "",
            "network_interface_id": "",
            "origin": "CreateRoute",
            "route_table_id": "rtb-04920c9cedaf17dfb",
            "state": "active",
            "timeouts": {
              "create": "5m",
              "delete": null
            },
            "transit_gateway_id": "",
            "vpc_endpoint_id": null,
            "vpc_peering_connection_id": ""
          },
          "sensitive_attributes": [],
          "private": "eyJlMmJmYjczMC1lY2FhLTExZTYtOGY4OC0zNDM2M2JjN2M0YzAiOnsiY3JlYXRlIjozMDAwMDAwMDAwMDAsImRlbGV0ZSI6MzAwMDAwMDAwMDAwfX0=",
          "dependencies": [
            "module.us-e2_default_vpc.aws_internet_gateway.main",
            "module.us-e2_default_vpc.aws_route_table.public",
            "module.us-e2_default_vpc.aws_subnet.main",
            "module.us-e2_default_vpc.aws_vpc.main"
          ]
        },
        {
          "index_key": "dev-us-e2-vpc1_az2-public-subnet",
          "schema_version": 0,
          "attributes": {
            "destination_cidr_block": "0.0.0.0/0",
            "destination_ipv6_cidr_block": "",
            "destination_prefix_list_id": "",
            "egress_only_gateway_id": "",
            "gateway_id": "igw-058b16dca7f176344",
            "id": "r-rtb-020d1d8a92576472b1080289494",
            "instance_id": "",
            "instance_owner_id": "",
            "local_gateway_id": "",
            "nat_gateway_id": "",
            "network_interface_id": "",
            "origin": "CreateRoute",
            "route_table_id": "rtb-020d1d8a92576472b",
            "state": "active",
            "timeouts": {
              "create": "5m",
              "delete": null
            },
            "transit_gateway_id": "",
            "vpc_endpoint_id": null,
            "vpc_peering_connection_id": ""
          },
          "sensitive_attributes": [],
          "private": "eyJlMmJmYjczMC1lY2FhLTExZTYtOGY4OC0zNDM2M2JjN2M0YzAiOnsiY3JlYXRlIjozMDAwMDAwMDAwMDAsImRlbGV0ZSI6MzAwMDAwMDAwMDAwfX0=",
          "dependencies": [
            "module.us-e2_default_vpc.aws_internet_gateway.main",
            "module.us-e2_default_vpc.aws_route_table.public",
            "module.us-e2_default_vpc.aws_subnet.main",
            "module.us-e2_default_vpc.aws_vpc.main"
          ]
        }
      ]
    },
    {
      "module": "module.us-e2_default_vpc",
      "mode": "managed",
      "type": "aws_route_table",
      "name": "private",
      "provider": "module.us-e2_default_vpc.provider[\"registry.terraform.io/hashicorp/aws\"]",
      "instances": [
        {
          "index_key": "dev-us-e2-vpc1_az1-private-subnet",
          "schema_version": 0,
          "attributes": {
            "id": "rtb-00e718068e3079a65",
            "owner_id": "223612579215",
            "propagating_vgws": [],
            "route": [],
            "tags": {
              "Name": "dev-us-e2-vpc1_az1-private-subnet_rtb",
              "deployed_by": "terraform",
              "environment": "dev",
              "git_repo_url": "https://gitlab.com/petco/cloud-infrastructure-services/aws_customers_prod/iss-dev/-/tree/master/environments/dev/us-2",
              "ptfe_workspace_url": "https://terraform.petco.com/app/Infrastructure/workspaces/iss-dev-vpc"
            },
            "vpc_id": "vpc-0497497bd1b141a30"
          },
          "sensitive_attributes": [],
          "private": "bnVsbA==",
          "dependencies": [
            "module.us-e2_default_vpc.aws_subnet.main",
            "module.us-e2_default_vpc.aws_vpc.main"
          ]
        },
        {
          "index_key": "dev-us-e2-vpc1_az2-private-subnet",
          "schema_version": 0,
          "attributes": {
            "id": "rtb-0f4e506d1cf7fd224",
            "owner_id": "223612579215",
            "propagating_vgws": [],
            "route": [],
            "tags": {
              "Name": "dev-us-e2-vpc1_az2-private-subnet_rtb",
              "deployed_by": "terraform",
              "environment": "dev",
              "git_repo_url": "https://gitlab.com/petco/cloud-infrastructure-services/aws_customers_prod/iss-dev/-/tree/master/environments/dev/us-2",
              "ptfe_workspace_url": "https://terraform.petco.com/app/Infrastructure/workspaces/iss-dev-vpc"
            },
            "vpc_id": "vpc-0497497bd1b141a30"
          },
          "sensitive_attributes": [],
          "private": "bnVsbA==",
          "dependencies": [
            "module.us-e2_default_vpc.aws_subnet.main",
            "module.us-e2_default_vpc.aws_vpc.main"
          ]
        }
      ]
    },
    {
      "module": "module.us-e2_default_vpc",
      "mode": "managed",
      "type": "aws_route_table",
      "name": "public",
      "provider": "module.us-e2_default_vpc.provider[\"registry.terraform.io/hashicorp/aws\"]",
      "instances": [
        {
          "index_key": "dev-us-e2-vpc1_az1-public-subnet",
          "schema_version": 0,
          "attributes": {
            "id": "rtb-04920c9cedaf17dfb",
            "owner_id": "223612579215",
            "propagating_vgws": [],
            "route": [],
            "tags": {
              "Name": "dev-us-e2-vpc1_az1-public-subnet_rtb",
              "deployed_by": "terraform",
              "environment": "dev",
              "git_repo_url": "https://gitlab.com/petco/cloud-infrastructure-services/aws_customers_prod/iss-dev/-/tree/master/environments/dev/us-2",
              "ptfe_workspace_url": "https://terraform.petco.com/app/Infrastructure/workspaces/iss-dev-vpc"
            },
            "vpc_id": "vpc-0497497bd1b141a30"
          },
          "sensitive_attributes": [],
          "private": "bnVsbA==",
          "dependencies": [
            "module.us-e2_default_vpc.aws_subnet.main",
            "module.us-e2_default_vpc.aws_vpc.main"
          ]
        },
        {
          "index_key": "dev-us-e2-vpc1_az2-public-subnet",
          "schema_version": 0,
          "attributes": {
            "id": "rtb-020d1d8a92576472b",
            "owner_id": "223612579215",
            "propagating_vgws": [],
            "route": [],
            "tags": {
              "Name": "dev-us-e2-vpc1_az2-public-subnet_rtb",
              "deployed_by": "terraform",
              "environment": "dev",
              "git_repo_url": "https://gitlab.com/petco/cloud-infrastructure-services/aws_customers_prod/iss-dev/-/tree/master/environments/dev/us-2",
              "ptfe_workspace_url": "https://terraform.petco.com/app/Infrastructure/workspaces/iss-dev-vpc"
            },
            "vpc_id": "vpc-0497497bd1b141a30"
          },
          "sensitive_attributes": [],
          "private": "bnVsbA==",
          "dependencies": [
            "module.us-e2_default_vpc.aws_subnet.main",
            "module.us-e2_default_vpc.aws_vpc.main"
          ]
        }
      ]
    },
    {
      "module": "module.us-e2_default_vpc",
      "mode": "managed",
      "type": "aws_route_table_association",
      "name": "private",
      "provider": "module.us-e2_default_vpc.provider[\"registry.terraform.io/hashicorp/aws\"]",
      "instances": [
        {
          "index_key": "dev-us-e2-vpc1_az1-private-subnet",
          "schema_version": 0,
          "attributes": {
            "gateway_id": null,
            "id": "rtbassoc-0adafd48243e5948e",
            "route_table_id": "rtb-00e718068e3079a65",
            "subnet_id": "subnet-0e495bf5192ad75dd"
          },
          "sensitive_attributes": [],
          "private": "bnVsbA==",
          "dependencies": [
            "module.us-e2_default_vpc.aws_route_table.private",
            "module.us-e2_default_vpc.aws_subnet.main",
            "module.us-e2_default_vpc.aws_vpc.main"
          ]
        },
        {
          "index_key": "dev-us-e2-vpc1_az2-private-subnet",
          "schema_version": 0,
          "attributes": {
            "gateway_id": null,
            "id": "rtbassoc-0fb000ce50bfbec26",
            "route_table_id": "rtb-0f4e506d1cf7fd224",
            "subnet_id": "subnet-05085cb4599680ddc"
          },
          "sensitive_attributes": [],
          "private": "bnVsbA==",
          "dependencies": [
            "module.us-e2_default_vpc.aws_route_table.private",
            "module.us-e2_default_vpc.aws_subnet.main",
            "module.us-e2_default_vpc.aws_vpc.main"
          ]
        }
      ]
    },
    {
      "module": "module.us-e2_default_vpc",
      "mode": "managed",
      "type": "aws_route_table_association",
      "name": "public",
      "provider": "module.us-e2_default_vpc.provider[\"registry.terraform.io/hashicorp/aws\"]",
      "instances": [
        {
          "index_key": "dev-us-e2-vpc1_az1-public-subnet",
          "schema_version": 0,
          "attributes": {
            "gateway_id": null,
            "id": "rtbassoc-0f25c7b817e27e14b",
            "route_table_id": "rtb-04920c9cedaf17dfb",
            "subnet_id": "subnet-04ecd9f1eab52f6e9"
          },
          "sensitive_attributes": [],
          "private": "bnVsbA==",
          "dependencies": [
            "module.us-e2_default_vpc.aws_route_table.public",
            "module.us-e2_default_vpc.aws_subnet.main",
            "module.us-e2_default_vpc.aws_vpc.main"
          ]
        },
        {
          "index_key": "dev-us-e2-vpc1_az2-public-subnet",
          "schema_version": 0,
          "attributes": {
            "gateway_id": null,
            "id": "rtbassoc-05a85c51c826ab13c",
            "route_table_id": "rtb-020d1d8a92576472b",
            "subnet_id": "subnet-02feb9e90ae10a23a"
          },
          "sensitive_attributes": [],
          "private": "bnVsbA==",
          "dependencies": [
            "module.us-e2_default_vpc.aws_route_table.public",
            "module.us-e2_default_vpc.aws_subnet.main",
            "module.us-e2_default_vpc.aws_vpc.main"
          ]
        }
      ]
    },
    {
      "module": "module.us-e2_default_vpc",
      "mode": "managed",
      "type": "aws_subnet",
      "name": "main",
      "provider": "module.us-e2_default_vpc.provider[\"registry.terraform.io/hashicorp/aws\"]",
      "instances": [
        {
          "index_key": "dev-us-e2-vpc1_az1-private-subnet",
          "schema_version": 1,
          "attributes": {
            "arn": "arn:aws:ec2:us-east-2:223612579215:subnet/subnet-0e495bf5192ad75dd",
            "assign_ipv6_address_on_creation": false,
            "availability_zone": "us-east-2a",
            "availability_zone_id": "use2-az1",
            "cidr_block": "172.25.0.0/26",
            "customer_owned_ipv4_pool": "",
            "id": "subnet-0e495bf5192ad75dd",
            "ipv6_cidr_block": "",
            "ipv6_cidr_block_association_id": "",
            "map_customer_owned_ip_on_launch": false,
            "map_public_ip_on_launch": false,
            "outpost_arn": "",
            "owner_id": "223612579215",
            "tags": {
              "Name": "dev-us-e2-vpc1_az1-private-subnet",
              "deployed_by": "terraform",
              "environment": "dev",
              "git_repo_url": "https://gitlab.com/petco/cloud-infrastructure-services/aws_customers_prod/iss-dev/-/tree/master/environments/dev/us-2",
              "ptfe_workspace_url": "https://terraform.petco.com/app/Infrastructure/workspaces/iss-dev-vpc",
              "public": "false"
            },
            "timeouts": null,
            "vpc_id": "vpc-0497497bd1b141a30"
          },
          "sensitive_attributes": [],
          "private": "eyJlMmJmYjczMC1lY2FhLTExZTYtOGY4OC0zNDM2M2JjN2M0YzAiOnsiY3JlYXRlIjo2MDAwMDAwMDAwMDAsImRlbGV0ZSI6MTIwMDAwMDAwMDAwMH0sInNjaGVtYV92ZXJzaW9uIjoiMSJ9",
          "dependencies": [
            "module.us-e2_default_vpc.aws_vpc.main"
          ]
        },
        {
          "index_key": "dev-us-e2-vpc1_az1-public-subnet",
          "schema_version": 1,
          "attributes": {
            "arn": "arn:aws:ec2:us-east-2:223612579215:subnet/subnet-04ecd9f1eab52f6e9",
            "assign_ipv6_address_on_creation": false,
            "availability_zone": "us-east-2a",
            "availability_zone_id": "use2-az1",
            "cidr_block": "172.25.0.128/26",
            "customer_owned_ipv4_pool": "",
            "id": "subnet-04ecd9f1eab52f6e9",
            "ipv6_cidr_block": "",
            "ipv6_cidr_block_association_id": "",
            "map_customer_owned_ip_on_launch": false,
            "map_public_ip_on_launch": true,
            "outpost_arn": "",
            "owner_id": "223612579215",
            "tags": {
              "Name": "dev-us-e2-vpc1_az1-public-subnet",
              "deployed_by": "terraform",
              "environment": "dev",
              "git_repo_url": "https://gitlab.com/petco/cloud-infrastructure-services/aws_customers_prod/iss-dev/-/tree/master/environments/dev/us-2",
              "ptfe_workspace_url": "https://terraform.petco.com/app/Infrastructure/workspaces/iss-dev-vpc",
              "public": "true"
            },
            "timeouts": null,
            "vpc_id": "vpc-0497497bd1b141a30"
          },
          "sensitive_attributes": [],
          "private": "eyJlMmJmYjczMC1lY2FhLTExZTYtOGY4OC0zNDM2M2JjN2M0YzAiOnsiY3JlYXRlIjo2MDAwMDAwMDAwMDAsImRlbGV0ZSI6MTIwMDAwMDAwMDAwMH0sInNjaGVtYV92ZXJzaW9uIjoiMSJ9",
          "dependencies": [
            "module.us-e2_default_vpc.aws_vpc.main"
          ]
        },
        {
          "index_key": "dev-us-e2-vpc1_az2-private-subnet",
          "schema_version": 1,
          "attributes": {
            "arn": "arn:aws:ec2:us-east-2:223612579215:subnet/subnet-05085cb4599680ddc",
            "assign_ipv6_address_on_creation": false,
            "availability_zone": "us-east-2b",
            "availability_zone_id": "use2-az2",
            "cidr_block": "172.25.0.64/26",
            "customer_owned_ipv4_pool": "",
            "id": "subnet-05085cb4599680ddc",
            "ipv6_cidr_block": "",
            "ipv6_cidr_block_association_id": "",
            "map_customer_owned_ip_on_launch": false,
            "map_public_ip_on_launch": false,
            "outpost_arn": "",
            "owner_id": "223612579215",
            "tags": {
              "Name": "dev-us-e2-vpc1_az2-private-subnet",
              "deployed_by": "terraform",
              "environment": "dev",
              "git_repo_url": "https://gitlab.com/petco/cloud-infrastructure-services/aws_customers_prod/iss-dev/-/tree/master/environments/dev/us-2",
              "ptfe_workspace_url": "https://terraform.petco.com/app/Infrastructure/workspaces/iss-dev-vpc",
              "public": "false"
            },
            "timeouts": null,
            "vpc_id": "vpc-0497497bd1b141a30"
          },
          "sensitive_attributes": [],
          "private": "eyJlMmJmYjczMC1lY2FhLTExZTYtOGY4OC0zNDM2M2JjN2M0YzAiOnsiY3JlYXRlIjo2MDAwMDAwMDAwMDAsImRlbGV0ZSI6MTIwMDAwMDAwMDAwMH0sInNjaGVtYV92ZXJzaW9uIjoiMSJ9",
          "dependencies": [
            "module.us-e2_default_vpc.aws_vpc.main"
          ]
        },
        {
          "index_key": "dev-us-e2-vpc1_az2-public-subnet",
          "schema_version": 1,
          "attributes": {
            "arn": "arn:aws:ec2:us-east-2:223612579215:subnet/subnet-02feb9e90ae10a23a",
            "assign_ipv6_address_on_creation": false,
            "availability_zone": "us-east-2b",
            "availability_zone_id": "use2-az2",
            "cidr_block": "172.25.0.192/26",
            "customer_owned_ipv4_pool": "",
            "id": "subnet-02feb9e90ae10a23a",
            "ipv6_cidr_block": "",
            "ipv6_cidr_block_association_id": "",
            "map_customer_owned_ip_on_launch": false,
            "map_public_ip_on_launch": true,
            "outpost_arn": "",
            "owner_id": "223612579215",
            "tags": {
              "Name": "dev-us-e2-vpc1_az2-public-subnet",
              "deployed_by": "terraform",
              "environment": "dev",
              "git_repo_url": "https://gitlab.com/petco/cloud-infrastructure-services/aws_customers_prod/iss-dev/-/tree/master/environments/dev/us-2",
              "ptfe_workspace_url": "https://terraform.petco.com/app/Infrastructure/workspaces/iss-dev-vpc",
              "public": "true"
            },
            "timeouts": null,
            "vpc_id": "vpc-0497497bd1b141a30"
          },
          "sensitive_attributes": [],
          "private": "eyJlMmJmYjczMC1lY2FhLTExZTYtOGY4OC0zNDM2M2JjN2M0YzAiOnsiY3JlYXRlIjo2MDAwMDAwMDAwMDAsImRlbGV0ZSI6MTIwMDAwMDAwMDAwMH0sInNjaGVtYV92ZXJzaW9uIjoiMSJ9",
          "dependencies": [
            "module.us-e2_default_vpc.aws_vpc.main"
          ]
        }
      ]
    },
    {
      "module": "module.us-e2_default_vpc",
      "mode": "managed",
      "type": "aws_vpc",
      "name": "main",
      "provider": "module.us-e2_default_vpc.provider[\"registry.terraform.io/hashicorp/aws\"]",
      "instances": [
        {
          "index_key": "vpc1",
          "schema_version": 1,
          "attributes": {
            "arn": "arn:aws:ec2:us-east-2:223612579215:vpc/vpc-0497497bd1b141a30",
            "assign_generated_ipv6_cidr_block": false,
            "cidr_block": "172.25.0.0/24",
            "default_network_acl_id": "acl-04e515cbd6b7100f5",
            "default_route_table_id": "rtb-03fd675420cf8965f",
            "default_security_group_id": "sg-095a0c2d1d2e7d093",
            "dhcp_options_id": "dopt-7ee22815",
            "enable_classiclink": null,
            "enable_classiclink_dns_support": null,
            "enable_dns_hostnames": true,
            "enable_dns_support": true,
            "id": "vpc-0497497bd1b141a30",
            "instance_tenancy": "default",
            "ipv6_association_id": "",
            "ipv6_cidr_block": "",
            "main_route_table_id": "rtb-03fd675420cf8965f",
            "owner_id": "223612579215",
            "tags": {
              "Name": "dev-us-e2-vpc1",
              "deployed_by": "terraform",
              "environment": "dev",
              "git_repo_url": "https://gitlab.com/petco/cloud-infrastructure-services/aws_customers_prod/iss-dev/-/tree/master/environments/dev/us-2",
              "ptfe_workspace_url": "https://terraform.petco.com/app/Infrastructure/workspaces/iss-dev-vpc"
            }
          },
          "sensitive_attributes": [],
          "private": "eyJzY2hlbWFfdmVyc2lvbiI6IjEifQ=="
        }
      ]
    },
    {
      "module": "module.us-e2_default_vpc",
      "mode": "managed",
      "type": "aws_vpc_endpoint",
      "name": "s3",
      "provider": "module.us-e2_default_vpc.provider[\"registry.terraform.io/hashicorp/aws\"]",
      "instances": [
        {
          "index_key": "vpc1",
          "schema_version": 0,
          "attributes": {
            "arn": "arn:aws:ec2:us-east-2:223612579215:vpc-endpoint/vpce-0528beda28a103ac9",
            "auto_accept": null,
            "cidr_blocks": [
              "52.219.80.0/20",
              "3.5.128.0/22",
              "3.5.132.0/23",
              "52.219.96.0/20"
            ],
            "dns_entry": [],
            "id": "vpce-0528beda28a103ac9",
            "network_interface_ids": [],
            "owner_id": "223612579215",
            "policy": "{\"Statement\":[{\"Action\":\"*\",\"Effect\":\"Allow\",\"Principal\":\"*\",\"Resource\":\"*\"}],\"Version\":\"2008-10-17\"}",
            "prefix_list_id": "pl-7ba54012",
            "private_dns_enabled": false,
            "requester_managed": false,
            "route_table_ids": [],
            "security_group_ids": [],
            "service_name": "com.amazonaws.us-east-2.s3",
            "state": "available",
            "subnet_ids": [],
            "tags": {
              "Name": "dev-us-e2-vpc1_vpce",
              "deployed_by": "terraform",
              "environment": "dev",
              "git_repo_url": "https://gitlab.com/petco/cloud-infrastructure-services/aws_customers_prod/iss-dev/-/tree/master/environments/dev/us-2",
              "ptfe_workspace_url": "https://terraform.petco.com/app/Infrastructure/workspaces/iss-dev-vpc"
            },
            "timeouts": null,
            "vpc_endpoint_type": "Gateway",
            "vpc_id": "vpc-0497497bd1b141a30"
          },
          "sensitive_attributes": [],
          "private": "eyJlMmJmYjczMC1lY2FhLTExZTYtOGY4OC0zNDM2M2JjN2M0YzAiOnsiY3JlYXRlIjo2MDAwMDAwMDAwMDAsImRlbGV0ZSI6NjAwMDAwMDAwMDAwLCJ1cGRhdGUiOjYwMDAwMDAwMDAwMH19",
          "dependencies": [
            "module.us-e2_default_vpc.aws_vpc.main"
          ]
        }
      ]
    },
    {
      "module": "module.us-e2_default_vpc",
      "mode": "managed",
      "type": "aws_vpc_endpoint_route_table_association",
      "name": "route_table_association",
      "provider": "module.us-e2_default_vpc.provider[\"registry.terraform.io/hashicorp/aws\"]",
      "instances": [
        {
          "index_key": "dev-us-e2-vpc1_az1-private-subnet",
          "schema_version": 0,
          "attributes": {
            "id": "a-vpce-0528beda28a103ac93615064196",
            "route_table_id": "rtb-00e718068e3079a65",
            "vpc_endpoint_id": "vpce-0528beda28a103ac9"
          },
          "sensitive_attributes": [],
          "private": "bnVsbA==",
          "dependencies": [
            "module.us-e2_default_vpc.aws_route_table.private",
            "module.us-e2_default_vpc.aws_subnet.main",
            "module.us-e2_default_vpc.aws_vpc.main",
            "module.us-e2_default_vpc.aws_vpc_endpoint.s3"
          ]
        },
        {
          "index_key": "dev-us-e2-vpc1_az2-private-subnet",
          "schema_version": 0,
          "attributes": {
            "id": "a-vpce-0528beda28a103ac91777765563",
            "route_table_id": "rtb-0f4e506d1cf7fd224",
            "vpc_endpoint_id": "vpce-0528beda28a103ac9"
          },
          "sensitive_attributes": [],
          "private": "bnVsbA==",
          "dependencies": [
            "module.us-e2_default_vpc.aws_route_table.private",
            "module.us-e2_default_vpc.aws_subnet.main",
            "module.us-e2_default_vpc.aws_vpc.main",
            "module.us-e2_default_vpc.aws_vpc_endpoint.s3"
          ]
        }
      ]
    }
  ]
}
